
Microsoft Visual Studio Solution File, Format Version 12.00
# Visual Studio 15
VisualStudioVersion = 15.0.28307.421
MinimumVisualStudioVersion = 10.0.40219.1
Project("{FAE04EC0-301F-11D3-BF4B-00C04F79EFBC}") = "NekoApiSharp", "NekoApiSharp\NekoApiSharp.csproj", "{12BFE87B-14C7-4AE3-8D81-F55469FFF078}"
EndProject
Global
	GlobalSection(SolutionConfigurationPlatforms) = preSolution
		Debug|Any CPU = Debug|Any CPU
		Release|Any CPU = Release|Any CPU
	EndGlobalSection
	GlobalSection(ProjectConfigurationPlatforms) = postSolution
		{12BFE87B-14C7-4AE3-8D81-F55469FFF078}.Debug|Any CPU.ActiveCfg = Debug|Any CPU
		{12BFE87B-14C7-4AE3-8D81-F55469FFF078}.Debug|Any CPU.Build.0 = Debug|Any CPU
		{12BFE87B-14C7-4AE3-8D81-F55469FFF078}.Release|Any CPU.ActiveCfg = Release|Any CPU
		{12BFE87B-14C7-4AE3-8D81-F55469FFF078}.Release|Any CPU.Build.0 = Release|Any CPU
	EndGlobalSection
	GlobalSection(SolutionProperties) = preSolution
		HideSolutionNode = FALSE
	EndGlobalSection
	GlobalSection(ExtensibilityGlobals) = postSolution
		SolutionGuid = {EBA9DF28-07CF-444F-955B-104ABF288965}
	EndGlobalSection
EndGlobal
